
Microsoft Visual Studio Solution File, Format Version 12.00
Project("{FAE04EC0-301F-11D3-BF4B-00C04F79EFBC}") = "TennisKata", "TennisKata.csproj", "{18F6BD7B-5164-496F-8BC6-1085D2895428}"
EndProject
Global
	GlobalSection(SolutionConfigurationPlatforms) = preSolution
		Debug|Any CPU = Debug|Any CPU
		Release|Any CPU = Release|Any CPU
	EndGlobalSection
	GlobalSection(ProjectConfigurationPlatforms) = postSolution
		{18F6BD7B-5164-496F-8BC6-1085D2895428}.Debug|Any CPU.ActiveCfg = Debug|Any CPU
		{18F6BD7B-5164-496F-8BC6-1085D2895428}.Debug|Any CPU.Build.0 = Debug|Any CPU
		{18F6BD7B-5164-496F-8BC6-1085D2895428}.Release|Any CPU.ActiveCfg = Release|Any CPU
		{18F6BD7B-5164-496F-8BC6-1085D2895428}.Release|Any CPU.Build.0 = Release|Any CPU
	EndGlobalSection
EndGlobal
